
Microsoft Visual Studio Solution File, Format Version 12.00
# Visual Studio Version 16
VisualStudioVersion = 16.0.31729.503
MinimumVisualStudioVersion = 10.0.40219.1
Project("{FAE04EC0-301F-11D3-BF4B-00C04F79EFBC}") = "gratch-desktop", "gratch-desktop.csproj", "{0DC4796E-C439-4471-8D5A-EBF0D75B7E38}"
EndProject
Global
	GlobalSection(SolutionConfigurationPlatforms) = preSolution
		Debug|Any CPU = Debug|Any CPU
		Release|Any CPU = Release|Any CPU
	EndGlobalSection
	GlobalSection(ProjectConfigurationPlatforms) = postSolution
		{0DC4796E-C439-4471-8D5A-EBF0D75B7E38}.Debug|Any CPU.ActiveCfg = Debug|Any CPU
		{0DC4796E-C439-4471-8D5A-EBF0D75B7E38}.Debug|Any CPU.Build.0 = Debug|Any CPU
		{0DC4796E-C439-4471-8D5A-EBF0D75B7E38}.Release|Any CPU.ActiveCfg = Release|Any CPU
		{0DC4796E-C439-4471-8D5A-EBF0D75B7E38}.Release|Any CPU.Build.0 = Release|Any CPU
	EndGlobalSection
	GlobalSection(SolutionProperties) = preSolution
		HideSolutionNode = FALSE
	EndGlobalSection
	GlobalSection(ExtensibilityGlobals) = postSolution
		SolutionGuid = {5BCD3A5F-26AD-427D-B353-11CBD0A11B90}
	EndGlobalSection
EndGlobal
