
Microsoft Visual Studio Solution File, Format Version 12.00
# Visual Studio Version 17
VisualStudioVersion = 17.2.32602.215
MinimumVisualStudioVersion = 10.0.40219.1
Project("{9A19103F-16F7-4668-BE54-9A1E7A4F7556}") = "gratch.Tests", "gratchLib_tests\gratch.Tests.csproj", "{9B07A11D-2FBC-4F80-A269-1DDC6CB3F475}"
EndProject
Project("{2150E333-8FDC-42A3-9474-1A3956D46DE8}") = "Solution Items", "Solution Items", "{3B383057-2674-417B-8C2C-0D8CB4F0BB3E}"
	ProjectSection(SolutionItems) = preProject
		.editorconfig = .editorconfig
	EndProjectSection
EndProject
Project("{FAE04EC0-301F-11D3-BF4B-00C04F79EFBC}") = "gratch.Models", "gratch.Models\gratch.Models.csproj", "{91D1CCCB-DEA1-45C6-A2B3-3E1F326F2442}"
EndProject
Project("{FAE04EC0-301F-11D3-BF4B-00C04F79EFBC}") = "gratch.Core", "gratch.Core\gratch.Core.csproj", "{46935969-B059-48AA-94F4-EFA2619A986C}"
EndProject
Project("{FAE04EC0-301F-11D3-BF4B-00C04F79EFBC}") = "gratch.App", "gratch.App\gratch.App.csproj", "{813F210D-BAFC-4672-ABFD-180D90C8DAE7}"
EndProject
Global
	GlobalSection(SolutionConfigurationPlatforms) = preSolution
		Debug|Any CPU = Debug|Any CPU
		Debug|ARM64 = Debug|ARM64
		Debug|x64 = Debug|x64
		Debug|x86 = Debug|x86
		Release|Any CPU = Release|Any CPU
		Release|ARM64 = Release|ARM64
		Release|x64 = Release|x64
		Release|x86 = Release|x86
	EndGlobalSection
	GlobalSection(ProjectConfigurationPlatforms) = postSolution
		{9B07A11D-2FBC-4F80-A269-1DDC6CB3F475}.Debug|Any CPU.ActiveCfg = Debug|Any CPU
		{9B07A11D-2FBC-4F80-A269-1DDC6CB3F475}.Debug|Any CPU.Build.0 = Debug|Any CPU
		{9B07A11D-2FBC-4F80-A269-1DDC6CB3F475}.Debug|ARM64.ActiveCfg = Debug|Any CPU
		{9B07A11D-2FBC-4F80-A269-1DDC6CB3F475}.Debug|ARM64.Build.0 = Debug|Any CPU
		{9B07A11D-2FBC-4F80-A269-1DDC6CB3F475}.Debug|x64.ActiveCfg = Debug|Any CPU
		{9B07A11D-2FBC-4F80-A269-1DDC6CB3F475}.Debug|x64.Build.0 = Debug|Any CPU
		{9B07A11D-2FBC-4F80-A269-1DDC6CB3F475}.Debug|x86.ActiveCfg = Debug|Any CPU
		{9B07A11D-2FBC-4F80-A269-1DDC6CB3F475}.Debug|x86.Build.0 = Debug|Any CPU
		{9B07A11D-2FBC-4F80-A269-1DDC6CB3F475}.Release|Any CPU.ActiveCfg = Release|Any CPU
		{9B07A11D-2FBC-4F80-A269-1DDC6CB3F475}.Release|Any CPU.Build.0 = Release|Any CPU
		{9B07A11D-2FBC-4F80-A269-1DDC6CB3F475}.Release|ARM64.ActiveCfg = Release|Any CPU
		{9B07A11D-2FBC-4F80-A269-1DDC6CB3F475}.Release|ARM64.Build.0 = Release|Any CPU
		{9B07A11D-2FBC-4F80-A269-1DDC6CB3F475}.Release|x64.ActiveCfg = Release|Any CPU
		{9B07A11D-2FBC-4F80-A269-1DDC6CB3F475}.Release|x64.Build.0 = Release|Any CPU
		{9B07A11D-2FBC-4F80-A269-1DDC6CB3F475}.Release|x86.ActiveCfg = Release|Any CPU
		{9B07A11D-2FBC-4F80-A269-1DDC6CB3F475}.Release|x86.Build.0 = Release|Any CPU
		{91D1CCCB-DEA1-45C6-A2B3-3E1F326F2442}.Debug|Any CPU.ActiveCfg = Debug|Any CPU
		{91D1CCCB-DEA1-45C6-A2B3-3E1F326F2442}.Debug|Any CPU.Build.0 = Debug|Any CPU
		{91D1CCCB-DEA1-45C6-A2B3-3E1F326F2442}.Debug|ARM64.ActiveCfg = Debug|Any CPU
		{91D1CCCB-DEA1-45C6-A2B3-3E1F326F2442}.Debug|ARM64.Build.0 = Debug|Any CPU
		{91D1CCCB-DEA1-45C6-A2B3-3E1F326F2442}.Debug|x64.ActiveCfg = Debug|Any CPU
		{91D1CCCB-DEA1-45C6-A2B3-3E1F326F2442}.Debug|x64.Build.0 = Debug|Any CPU
		{91D1CCCB-DEA1-45C6-A2B3-3E1F326F2442}.Debug|x86.ActiveCfg = Debug|Any CPU
		{91D1CCCB-DEA1-45C6-A2B3-3E1F326F2442}.Debug|x86.Build.0 = Debug|Any CPU
		{91D1CCCB-DEA1-45C6-A2B3-3E1F326F2442}.Release|Any CPU.ActiveCfg = Release|Any CPU
		{91D1CCCB-DEA1-45C6-A2B3-3E1F326F2442}.Release|Any CPU.Build.0 = Release|Any CPU
		{91D1CCCB-DEA1-45C6-A2B3-3E1F326F2442}.Release|ARM64.ActiveCfg = Release|Any CPU
		{91D1CCCB-DEA1-45C6-A2B3-3E1F326F2442}.Release|ARM64.Build.0 = Release|Any CPU
		{91D1CCCB-DEA1-45C6-A2B3-3E1F326F2442}.Release|x64.ActiveCfg = Release|Any CPU
		{91D1CCCB-DEA1-45C6-A2B3-3E1F326F2442}.Release|x64.Build.0 = Release|Any CPU
		{91D1CCCB-DEA1-45C6-A2B3-3E1F326F2442}.Release|x86.ActiveCfg = Release|Any CPU
		{91D1CCCB-DEA1-45C6-A2B3-3E1F326F2442}.Release|x86.Build.0 = Release|Any CPU
		{46935969-B059-48AA-94F4-EFA2619A986C}.Debug|Any CPU.ActiveCfg = Debug|Any CPU
		{46935969-B059-48AA-94F4-EFA2619A986C}.Debug|Any CPU.Build.0 = Debug|Any CPU
		{46935969-B059-48AA-94F4-EFA2619A986C}.Debug|ARM64.ActiveCfg = Debug|Any CPU
		{46935969-B059-48AA-94F4-EFA2619A986C}.Debug|ARM64.Build.0 = Debug|Any CPU
		{46935969-B059-48AA-94F4-EFA2619A986C}.Debug|x64.ActiveCfg = Debug|Any CPU
		{46935969-B059-48AA-94F4-EFA2619A986C}.Debug|x64.Build.0 = Debug|Any CPU
		{46935969-B059-48AA-94F4-EFA2619A986C}.Debug|x86.ActiveCfg = Debug|Any CPU
		{46935969-B059-48AA-94F4-EFA2619A986C}.Debug|x86.Build.0 = Debug|Any CPU
		{46935969-B059-48AA-94F4-EFA2619A986C}.Release|Any CPU.ActiveCfg = Release|Any CPU
		{46935969-B059-48AA-94F4-EFA2619A986C}.Release|Any CPU.Build.0 = Release|Any CPU
		{46935969-B059-48AA-94F4-EFA2619A986C}.Release|ARM64.ActiveCfg = Release|Any CPU
		{46935969-B059-48AA-94F4-EFA2619A986C}.Release|ARM64.Build.0 = Release|Any CPU
		{46935969-B059-48AA-94F4-EFA2619A986C}.Release|x64.ActiveCfg = Release|Any CPU
		{46935969-B059-48AA-94F4-EFA2619A986C}.Release|x64.Build.0 = Release|Any CPU
		{46935969-B059-48AA-94F4-EFA2619A986C}.Release|x86.ActiveCfg = Release|Any CPU
		{46935969-B059-48AA-94F4-EFA2619A986C}.Release|x86.Build.0 = Release|Any CPU
		{813F210D-BAFC-4672-ABFD-180D90C8DAE7}.Debug|Any CPU.ActiveCfg = Debug|x64
		{813F210D-BAFC-4672-ABFD-180D90C8DAE7}.Debug|Any CPU.Build.0 = Debug|x64
		{813F210D-BAFC-4672-ABFD-180D90C8DAE7}.Debug|Any CPU.Deploy.0 = Debug|x64
		{813F210D-BAFC-4672-ABFD-180D90C8DAE7}.Debug|ARM64.ActiveCfg = Debug|ARM64
		{813F210D-BAFC-4672-ABFD-180D90C8DAE7}.Debug|ARM64.Build.0 = Debug|ARM64
		{813F210D-BAFC-4672-ABFD-180D90C8DAE7}.Debug|ARM64.Deploy.0 = Debug|ARM64
		{813F210D-BAFC-4672-ABFD-180D90C8DAE7}.Debug|x64.ActiveCfg = Debug|x64
		{813F210D-BAFC-4672-ABFD-180D90C8DAE7}.Debug|x64.Build.0 = Debug|x64
		{813F210D-BAFC-4672-ABFD-180D90C8DAE7}.Debug|x64.Deploy.0 = Debug|x64
		{813F210D-BAFC-4672-ABFD-180D90C8DAE7}.Debug|x86.ActiveCfg = Debug|x86
		{813F210D-BAFC-4672-ABFD-180D90C8DAE7}.Debug|x86.Build.0 = Debug|x86
		{813F210D-BAFC-4672-ABFD-180D90C8DAE7}.Debug|x86.Deploy.0 = Debug|x86
		{813F210D-BAFC-4672-ABFD-180D90C8DAE7}.Release|Any CPU.ActiveCfg = Release|x64
		{813F210D-BAFC-4672-ABFD-180D90C8DAE7}.Release|Any CPU.Build.0 = Release|x64
		{813F210D-BAFC-4672-ABFD-180D90C8DAE7}.Release|Any CPU.Deploy.0 = Release|x64
		{813F210D-BAFC-4672-ABFD-180D90C8DAE7}.Release|ARM64.ActiveCfg = Release|ARM64
		{813F210D-BAFC-4672-ABFD-180D90C8DAE7}.Release|ARM64.Build.0 = Release|ARM64
		{813F210D-BAFC-4672-ABFD-180D90C8DAE7}.Release|ARM64.Deploy.0 = Release|ARM64
		{813F210D-BAFC-4672-ABFD-180D90C8DAE7}.Release|x64.ActiveCfg = Release|x64
		{813F210D-BAFC-4672-ABFD-180D90C8DAE7}.Release|x64.Build.0 = Release|x64
		{813F210D-BAFC-4672-ABFD-180D90C8DAE7}.Release|x64.Deploy.0 = Release|x64
		{813F210D-BAFC-4672-ABFD-180D90C8DAE7}.Release|x86.ActiveCfg = Release|x86
		{813F210D-BAFC-4672-ABFD-180D90C8DAE7}.Release|x86.Build.0 = Release|x86
		{813F210D-BAFC-4672-ABFD-180D90C8DAE7}.Release|x86.Deploy.0 = Release|x86
	EndGlobalSection
	GlobalSection(SolutionProperties) = preSolution
		HideSolutionNode = FALSE
	EndGlobalSection
	GlobalSection(ExtensibilityGlobals) = postSolution
		SolutionGuid = {9D42A04D-0EA7-4DD9-85FA-4C872DF29CD8}
	EndGlobalSection
EndGlobal
