
Microsoft Visual Studio Solution File, Format Version 12.00
# Visual Studio Version 17
VisualStudioVersion = 17.0.32112.339
MinimumVisualStudioVersion = 10.0.40219.1
Project("{9A19103F-16F7-4668-BE54-9A1E7A4F7556}") = "gratch-desktop", "gratch-desktop.csproj", "{0DC4796E-C439-4471-8D5A-EBF0D75B7E38}"
EndProject
Project("{9A19103F-16F7-4668-BE54-9A1E7A4F7556}") = "gratch-core", "..\gratch-core\gratch-core\gratch-core.csproj", "{F717FC18-CB3F-453B-916C-8970226C508F}"
EndProject
Global
	GlobalSection(SolutionConfigurationPlatforms) = preSolution
		Debug|Any CPU = Debug|Any CPU
		Release|Any CPU = Release|Any CPU
	EndGlobalSection
	GlobalSection(ProjectConfigurationPlatforms) = postSolution
		{0DC4796E-C439-4471-8D5A-EBF0D75B7E38}.Debug|Any CPU.ActiveCfg = Debug|Any CPU
		{0DC4796E-C439-4471-8D5A-EBF0D75B7E38}.Debug|Any CPU.Build.0 = Debug|Any CPU
		{0DC4796E-C439-4471-8D5A-EBF0D75B7E38}.Release|Any CPU.ActiveCfg = Release|Any CPU
		{0DC4796E-C439-4471-8D5A-EBF0D75B7E38}.Release|Any CPU.Build.0 = Release|Any CPU
		{F717FC18-CB3F-453B-916C-8970226C508F}.Debug|Any CPU.ActiveCfg = Debug|Any CPU
		{F717FC18-CB3F-453B-916C-8970226C508F}.Debug|Any CPU.Build.0 = Debug|Any CPU
		{F717FC18-CB3F-453B-916C-8970226C508F}.Release|Any CPU.ActiveCfg = Release|Any CPU
		{F717FC18-CB3F-453B-916C-8970226C508F}.Release|Any CPU.Build.0 = Release|Any CPU
	EndGlobalSection
	GlobalSection(SolutionProperties) = preSolution
		HideSolutionNode = FALSE
	EndGlobalSection
	GlobalSection(ExtensibilityGlobals) = postSolution
		SolutionGuid = {5BCD3A5F-26AD-427D-B353-11CBD0A11B90}
	EndGlobalSection
EndGlobal
