
Microsoft Visual Studio Solution File, Format Version 12.00
# Visual Studio Version 17
VisualStudioVersion = 17.2.32602.215
MinimumVisualStudioVersion = 10.0.40219.1
Project("{9A19103F-16F7-4668-BE54-9A1E7A4F7556}") = "gratchLib", "gratchLib\gratchLib.csproj", "{5EF19179-35D5-4158-A0E2-BA0E83371765}"
EndProject
Project("{9A19103F-16F7-4668-BE54-9A1E7A4F7556}") = "gratchLib_tests", "gratchLib_tests\gratchLib_tests.csproj", "{9B07A11D-2FBC-4F80-A269-1DDC6CB3F475}"
EndProject
Project("{2150E333-8FDC-42A3-9474-1A3956D46DE8}") = "Solution Items", "Solution Items", "{3B383057-2674-417B-8C2C-0D8CB4F0BB3E}"
	ProjectSection(SolutionItems) = preProject
		.editorconfig = .editorconfig
	EndProjectSection
EndProject
Project("{FAE04EC0-301F-11D3-BF4B-00C04F79EFBC}") = "gratchWebApp", "gratchWebApp\gratchWebApp.csproj", "{C0F6E1B5-9BB1-4939-A750-E1F86D738327}"
EndProject
Project("{FAE04EC0-301F-11D3-BF4B-00C04F79EFBC}") = "gratchWebApi", "gratchWebApi\gratchWebApi.csproj", "{86ECF59A-5076-458A-A2AE-F25D3F6FAA5B}"
EndProject
Global
	GlobalSection(SolutionConfigurationPlatforms) = preSolution
		Debug|Any CPU = Debug|Any CPU
		Release|Any CPU = Release|Any CPU
	EndGlobalSection
	GlobalSection(ProjectConfigurationPlatforms) = postSolution
		{5EF19179-35D5-4158-A0E2-BA0E83371765}.Debug|Any CPU.ActiveCfg = Debug|Any CPU
		{5EF19179-35D5-4158-A0E2-BA0E83371765}.Debug|Any CPU.Build.0 = Debug|Any CPU
		{5EF19179-35D5-4158-A0E2-BA0E83371765}.Release|Any CPU.ActiveCfg = Release|Any CPU
		{5EF19179-35D5-4158-A0E2-BA0E83371765}.Release|Any CPU.Build.0 = Release|Any CPU
		{9B07A11D-2FBC-4F80-A269-1DDC6CB3F475}.Debug|Any CPU.ActiveCfg = Debug|Any CPU
		{9B07A11D-2FBC-4F80-A269-1DDC6CB3F475}.Debug|Any CPU.Build.0 = Debug|Any CPU
		{9B07A11D-2FBC-4F80-A269-1DDC6CB3F475}.Release|Any CPU.ActiveCfg = Release|Any CPU
		{9B07A11D-2FBC-4F80-A269-1DDC6CB3F475}.Release|Any CPU.Build.0 = Release|Any CPU
		{C0F6E1B5-9BB1-4939-A750-E1F86D738327}.Debug|Any CPU.ActiveCfg = Debug|Any CPU
		{C0F6E1B5-9BB1-4939-A750-E1F86D738327}.Debug|Any CPU.Build.0 = Debug|Any CPU
		{C0F6E1B5-9BB1-4939-A750-E1F86D738327}.Release|Any CPU.ActiveCfg = Release|Any CPU
		{C0F6E1B5-9BB1-4939-A750-E1F86D738327}.Release|Any CPU.Build.0 = Release|Any CPU
		{86ECF59A-5076-458A-A2AE-F25D3F6FAA5B}.Debug|Any CPU.ActiveCfg = Debug|Any CPU
		{86ECF59A-5076-458A-A2AE-F25D3F6FAA5B}.Debug|Any CPU.Build.0 = Debug|Any CPU
		{86ECF59A-5076-458A-A2AE-F25D3F6FAA5B}.Release|Any CPU.ActiveCfg = Release|Any CPU
		{86ECF59A-5076-458A-A2AE-F25D3F6FAA5B}.Release|Any CPU.Build.0 = Release|Any CPU
	EndGlobalSection
	GlobalSection(SolutionProperties) = preSolution
		HideSolutionNode = FALSE
	EndGlobalSection
	GlobalSection(ExtensibilityGlobals) = postSolution
		SolutionGuid = {9D42A04D-0EA7-4DD9-85FA-4C872DF29CD8}
	EndGlobalSection
EndGlobal
