
Microsoft Visual Studio Solution File, Format Version 12.00
# Visual Studio Version 17
VisualStudioVersion = 17.2.32602.215
MinimumVisualStudioVersion = 10.0.40219.1
Project("{9A19103F-16F7-4668-BE54-9A1E7A4F7556}") = "gratch.Tests", "domain\gratch.Tests\gratch.Tests.csproj", "{9B07A11D-2FBC-4F80-A269-1DDC6CB3F475}"
EndProject
Project("{2150E333-8FDC-42A3-9474-1A3956D46DE8}") = "Solution Items", "Solution Items", "{3B383057-2674-417B-8C2C-0D8CB4F0BB3E}"
	ProjectSection(SolutionItems) = preProject
		.editorconfig = .editorconfig
	EndProjectSection
EndProject
Project("{9A19103F-16F7-4668-BE54-9A1E7A4F7556}") = "gratch.Arrangement", "domain\gratch.Core\gratch.Arrangement.csproj", "{46935969-B059-48AA-94F4-EFA2619A986C}"
EndProject
Project("{2150E333-8FDC-42A3-9474-1A3956D46DE8}") = "domain", "domain", "{29353C67-34D0-4CDD-92A8-F4700DEF804B}"
EndProject
Project("{2150E333-8FDC-42A3-9474-1A3956D46DE8}") = "app", "app", "{411F275A-451F-4D32-A5EB-B6E8E9C469AB}"
EndProject
Project("{FAE04EC0-301F-11D3-BF4B-00C04F79EFBC}") = "gratch.classic", "gratch.classic\gratch.classic.csproj", "{270654F3-C433-4F42-AFCA-06C55BF698A2}"
EndProject
Global
	GlobalSection(SolutionConfigurationPlatforms) = preSolution
		Debug|Any CPU = Debug|Any CPU
		Debug|ARM64 = Debug|ARM64
		Debug|x64 = Debug|x64
		Debug|x86 = Debug|x86
		Release|Any CPU = Release|Any CPU
		Release|ARM64 = Release|ARM64
		Release|x64 = Release|x64
		Release|x86 = Release|x86
	EndGlobalSection
	GlobalSection(ProjectConfigurationPlatforms) = postSolution
		{9B07A11D-2FBC-4F80-A269-1DDC6CB3F475}.Debug|Any CPU.ActiveCfg = Debug|Any CPU
		{9B07A11D-2FBC-4F80-A269-1DDC6CB3F475}.Debug|Any CPU.Build.0 = Debug|Any CPU
		{9B07A11D-2FBC-4F80-A269-1DDC6CB3F475}.Debug|ARM64.ActiveCfg = Debug|Any CPU
		{9B07A11D-2FBC-4F80-A269-1DDC6CB3F475}.Debug|ARM64.Build.0 = Debug|Any CPU
		{9B07A11D-2FBC-4F80-A269-1DDC6CB3F475}.Debug|x64.ActiveCfg = Debug|Any CPU
		{9B07A11D-2FBC-4F80-A269-1DDC6CB3F475}.Debug|x64.Build.0 = Debug|Any CPU
		{9B07A11D-2FBC-4F80-A269-1DDC6CB3F475}.Debug|x86.ActiveCfg = Debug|Any CPU
		{9B07A11D-2FBC-4F80-A269-1DDC6CB3F475}.Debug|x86.Build.0 = Debug|Any CPU
		{9B07A11D-2FBC-4F80-A269-1DDC6CB3F475}.Release|Any CPU.ActiveCfg = Release|Any CPU
		{9B07A11D-2FBC-4F80-A269-1DDC6CB3F475}.Release|Any CPU.Build.0 = Release|Any CPU
		{9B07A11D-2FBC-4F80-A269-1DDC6CB3F475}.Release|ARM64.ActiveCfg = Release|Any CPU
		{9B07A11D-2FBC-4F80-A269-1DDC6CB3F475}.Release|ARM64.Build.0 = Release|Any CPU
		{9B07A11D-2FBC-4F80-A269-1DDC6CB3F475}.Release|x64.ActiveCfg = Release|Any CPU
		{9B07A11D-2FBC-4F80-A269-1DDC6CB3F475}.Release|x64.Build.0 = Release|Any CPU
		{9B07A11D-2FBC-4F80-A269-1DDC6CB3F475}.Release|x86.ActiveCfg = Release|Any CPU
		{9B07A11D-2FBC-4F80-A269-1DDC6CB3F475}.Release|x86.Build.0 = Release|Any CPU
		{46935969-B059-48AA-94F4-EFA2619A986C}.Debug|Any CPU.ActiveCfg = Debug|Any CPU
		{46935969-B059-48AA-94F4-EFA2619A986C}.Debug|Any CPU.Build.0 = Debug|Any CPU
		{46935969-B059-48AA-94F4-EFA2619A986C}.Debug|ARM64.ActiveCfg = Debug|Any CPU
		{46935969-B059-48AA-94F4-EFA2619A986C}.Debug|ARM64.Build.0 = Debug|Any CPU
		{46935969-B059-48AA-94F4-EFA2619A986C}.Debug|x64.ActiveCfg = Debug|Any CPU
		{46935969-B059-48AA-94F4-EFA2619A986C}.Debug|x64.Build.0 = Debug|Any CPU
		{46935969-B059-48AA-94F4-EFA2619A986C}.Debug|x86.ActiveCfg = Debug|Any CPU
		{46935969-B059-48AA-94F4-EFA2619A986C}.Debug|x86.Build.0 = Debug|Any CPU
		{46935969-B059-48AA-94F4-EFA2619A986C}.Release|Any CPU.ActiveCfg = Release|Any CPU
		{46935969-B059-48AA-94F4-EFA2619A986C}.Release|Any CPU.Build.0 = Release|Any CPU
		{46935969-B059-48AA-94F4-EFA2619A986C}.Release|ARM64.ActiveCfg = Release|Any CPU
		{46935969-B059-48AA-94F4-EFA2619A986C}.Release|ARM64.Build.0 = Release|Any CPU
		{46935969-B059-48AA-94F4-EFA2619A986C}.Release|x64.ActiveCfg = Release|Any CPU
		{46935969-B059-48AA-94F4-EFA2619A986C}.Release|x64.Build.0 = Release|Any CPU
		{46935969-B059-48AA-94F4-EFA2619A986C}.Release|x86.ActiveCfg = Release|Any CPU
		{46935969-B059-48AA-94F4-EFA2619A986C}.Release|x86.Build.0 = Release|Any CPU
		{270654F3-C433-4F42-AFCA-06C55BF698A2}.Debug|Any CPU.ActiveCfg = Debug|Any CPU
		{270654F3-C433-4F42-AFCA-06C55BF698A2}.Debug|Any CPU.Build.0 = Debug|Any CPU
		{270654F3-C433-4F42-AFCA-06C55BF698A2}.Debug|ARM64.ActiveCfg = Debug|Any CPU
		{270654F3-C433-4F42-AFCA-06C55BF698A2}.Debug|ARM64.Build.0 = Debug|Any CPU
		{270654F3-C433-4F42-AFCA-06C55BF698A2}.Debug|x64.ActiveCfg = Debug|Any CPU
		{270654F3-C433-4F42-AFCA-06C55BF698A2}.Debug|x64.Build.0 = Debug|Any CPU
		{270654F3-C433-4F42-AFCA-06C55BF698A2}.Debug|x86.ActiveCfg = Debug|Any CPU
		{270654F3-C433-4F42-AFCA-06C55BF698A2}.Debug|x86.Build.0 = Debug|Any CPU
		{270654F3-C433-4F42-AFCA-06C55BF698A2}.Release|Any CPU.ActiveCfg = Release|Any CPU
		{270654F3-C433-4F42-AFCA-06C55BF698A2}.Release|Any CPU.Build.0 = Release|Any CPU
		{270654F3-C433-4F42-AFCA-06C55BF698A2}.Release|ARM64.ActiveCfg = Release|Any CPU
		{270654F3-C433-4F42-AFCA-06C55BF698A2}.Release|ARM64.Build.0 = Release|Any CPU
		{270654F3-C433-4F42-AFCA-06C55BF698A2}.Release|x64.ActiveCfg = Release|Any CPU
		{270654F3-C433-4F42-AFCA-06C55BF698A2}.Release|x64.Build.0 = Release|Any CPU
		{270654F3-C433-4F42-AFCA-06C55BF698A2}.Release|x86.ActiveCfg = Release|Any CPU
		{270654F3-C433-4F42-AFCA-06C55BF698A2}.Release|x86.Build.0 = Release|Any CPU
	EndGlobalSection
	GlobalSection(SolutionProperties) = preSolution
		HideSolutionNode = FALSE
	EndGlobalSection
	GlobalSection(NestedProjects) = preSolution
		{9B07A11D-2FBC-4F80-A269-1DDC6CB3F475} = {29353C67-34D0-4CDD-92A8-F4700DEF804B}
		{46935969-B059-48AA-94F4-EFA2619A986C} = {29353C67-34D0-4CDD-92A8-F4700DEF804B}
		{270654F3-C433-4F42-AFCA-06C55BF698A2} = {411F275A-451F-4D32-A5EB-B6E8E9C469AB}
	EndGlobalSection
	GlobalSection(ExtensibilityGlobals) = postSolution
		SolutionGuid = {9D42A04D-0EA7-4DD9-85FA-4C872DF29CD8}
	EndGlobalSection
EndGlobal
